{
  "version": 4,
  "terraform_version": "1.4.5",
  "serial": 1,
  "lineage": "1a951bb4-e574-d072-fd6d-0c37e1f049b3",
  "outputs": {},
  "resources": [
    {
      "mode": "data",
      "type": "aws_eks_cluster",
      "name": "cluster",
      "provider": "provider[\"registry.terraform.io/hashicorp/aws\"]",
      "instances": [
        {
          "schema_version": 0,
          "attributes": {
            "arn": "arn:aws:eks:us-east-2:075657049392:cluster/education-eks-GNPnM3hM",
            "certificate_authority": [
              {
                "data": "LS0tLS1CRUdJTiBDRVJUSUZJQ0FURS0tLS0tCk1JSUMvakNDQWVhZ0F3SUJBZ0lCQURBTkJna3Foa2lHOXcwQkFRc0ZBREFWTVJNd0VRWURWUVFERXdwcmRXSmwKY201bGRHVnpNQjRYRFRJek1EVXlPVEE0TkRBeU9Wb1hEVE16TURVeU5qQTROREF5T1Zvd0ZURVRNQkVHQTFVRQpBeE1LYTNWaVpYSnVaWFJsY3pDQ0FTSXdEUVlKS29aSWh2Y05BUUVCQlFBRGdnRVBBRENDQVFvQ2dnRUJBTUxRCjFzc3dsbmJXTUdQdWVLNTc5VEFKVzhXZlpKdXlrOW9nOVhaY3FNekVrdFNSQnhaWURKQXVxSGRIcEw4ZEVDNjMKYkx5VGZjQW02d2dVQkowNEpxYy9tQ3ZLZ0pSYTNWYkMzV2ZNZXNzOTdWaWlZWjUzYWNBcGRkVjVqcXRHNjhVagpJbHJEbG9TMFhvdXFpNW9rNnRSbHFjejU0NFFFd3RYYjgxTEJXMHM1OWtLeVROM21wRkJOTmovUmw1dlhuL3Z4CkNTaXlZRnRLcTBDSGZ2bkEwaGZiTyt4QmRETnVkZVkwS1E4c2xQWHhkVmhlZ2lRdVR1WnJZdG1uSlFLWDAxelgKMnY1SE9BRjVOTmtXSTd3T2xsZHNsME42eHVLK1BNVzhibFdueXZFNlpnZG10OWVBOVdBb3FNV3pzTDhrRkYxVgoyOGlIY1RoSFBhNVlEeW9DaXlNQ0F3RUFBYU5aTUZjd0RnWURWUjBQQVFIL0JBUURBZ0trTUE4R0ExVWRFd0VCCi93UUZNQU1CQWY4d0hRWURWUjBPQkJZRUZMVE5aVUw4dnVkUzc3N01ZUmEyWllOQXI4UE5NQlVHQTFVZEVRUU8KTUF5Q0NtdDFZbVZ5Ym1WMFpYTXdEUVlKS29aSWh2Y05BUUVMQlFBRGdnRUJBRCtWMkJxU2NJK2RKalM0VTdZdApEbTd2RUdXZzQ4T3U1ZVg4WmIzS2h0RnM4V1o1V3JnMzM2MUJCR3RacXNLWFNaTWhuMUpPTGgzaTRpQ1lKWTNhCjAycVdCZGFVdzNPMTI0TWwveWhFcklBN2dvcmJiY3MwSERkSDBGeG5GaXZaRkdreGFZSS9vNHhReVRSV3A4SGoKaUdjV3JzRlNLTXR3RFFYM04rSzdwVTl5cDRRY3lNRWZwMFpBUTJkZ0NwK3Z5YURybWY3U09HSjU2dnV1RmVqbAo3RU9aYkluakNTbS9kclJFRXdvZUtHWEJoVXZWcjYxbWQzdFNxZVM4aENjSlhLN0dGRnVUWlE0WGZpdnVJczFqClFmU01aRGlrdEYzSXYydzhBNWkzWCsvaW5TR3lxRHBGakc3ZXNkbk5Kd0RCTUlvbmhRWitNeW9YNks4b1Fsd1cKclBvPQotLS0tLUVORCBDRVJUSUZJQ0FURS0tLS0tCg=="
              }
            ],
            "cluster_id": null,
            "created_at": "2023-05-29 08:34:38.125 +0000 UTC",
            "enabled_cluster_log_types": [
              "api",
              "audit",
              "authenticator"
            ],
            "endpoint": "https://757765CC1F03AD87FE10C23787791898.gr7.us-east-2.eks.amazonaws.com",
            "id": "education-eks-GNPnM3hM",
            "identity": [
              {
                "oidc": [
                  {
                    "issuer": "https://oidc.eks.us-east-2.amazonaws.com/id/757765CC1F03AD87FE10C23787791898"
                  }
                ]
              }
            ],
            "kubernetes_network_config": [
              {
                "ip_family": "ipv4",
                "service_ipv4_cidr": "172.20.0.0/16",
                "service_ipv6_cidr": ""
              }
            ],
            "name": "education-eks-GNPnM3hM",
            "outpost_config": [],
            "platform_version": "eks.6",
            "role_arn": "arn:aws:iam::075657049392:role/education-eks-GNPnM3hM-cluster-20230529083404819000000003",
            "status": "ACTIVE",
            "tags": {},
            "version": "1.24",
            "vpc_config": [
              {
                "cluster_security_group_id": "sg-05aa86aabc20b8edb",
                "endpoint_private_access": true,
                "endpoint_public_access": true,
                "public_access_cidrs": [
                  "0.0.0.0/0"
                ],
                "security_group_ids": [
                  "sg-019f31a30c9ab43c6"
                ],
                "subnet_ids": [
                  "subnet-028ec355eabd63eed",
                  "subnet-0cfb2c7749eddf952",
                  "subnet-0e42d61257243d742"
                ],
                "vpc_id": "vpc-0591c7705e5d9ac71"
              }
            ]
          },
          "sensitive_attributes": []
        }
      ]
    },
    {
      "mode": "data",
      "type": "terraform_remote_state",
      "name": "eks",
      "provider": "provider[\"terraform.io/builtin/terraform\"]",
      "instances": [
        {
          "schema_version": 0,
          "attributes": {
            "backend": "local",
            "config": {
              "value": {
                "path": "../learn-terraform-provision-eks-cluster/terraform.tfstate"
              },
              "type": [
                "object",
                {
                  "path": "string"
                }
              ]
            },
            "defaults": null,
            "outputs": {
              "value": {
                "cluster_endpoint": "https://757765CC1F03AD87FE10C23787791898.gr7.us-east-2.eks.amazonaws.com",
                "cluster_name": "education-eks-GNPnM3hM",
                "cluster_security_group_id": "sg-019f31a30c9ab43c6",
                "region": "us-east-2"
              },
              "type": [
                "object",
                {
                  "cluster_endpoint": "string",
                  "cluster_name": "string",
                  "cluster_security_group_id": "string",
                  "region": "string"
                }
              ]
            },
            "workspace": null
          },
          "sensitive_attributes": []
        }
      ]
    },
    {
      "mode": "managed",
      "type": "kubernetes_deployment",
      "name": "nginx",
      "provider": "provider[\"registry.terraform.io/hashicorp/kubernetes\"]",
      "instances": [
        {
          "schema_version": 1,
          "attributes": {
            "id": "default/scalable-nginx-example",
            "metadata": [
              {
                "annotations": null,
                "generate_name": "",
                "generation": 1,
                "labels": {
                  "App": "ScalableNginxExample"
                },
                "name": "scalable-nginx-example",
                "namespace": "default",
                "resource_version": "9497",
                "uid": "05819fdd-4918-4233-a1f9-7dd279901aed"
              }
            ],
            "spec": [
              {
                "min_ready_seconds": 0,
                "paused": false,
                "progress_deadline_seconds": 600,
                "replicas": "2",
                "revision_history_limit": 10,
                "selector": [
                  {
                    "match_expressions": [],
                    "match_labels": {
                      "App": "ScalableNginxExample"
                    }
                  }
                ],
                "strategy": [
                  {
                    "rolling_update": [
                      {
                        "max_surge": "25%",
                        "max_unavailable": "25%"
                      }
                    ],
                    "type": "RollingUpdate"
                  }
                ],
                "template": [
                  {
                    "metadata": [
                      {
                        "annotations": null,
                        "generate_name": "",
                        "generation": 0,
                        "labels": {
                          "App": "ScalableNginxExample"
                        },
                        "name": "",
                        "namespace": "",
                        "resource_version": "",
                        "uid": ""
                      }
                    ],
                    "spec": [
                      {
                        "active_deadline_seconds": 0,
                        "affinity": [],
                        "automount_service_account_token": true,
                        "container": [
                          {
                            "args": null,
                            "command": null,
                            "env": [],
                            "env_from": [],
                            "image": "nginx:1.7.8",
                            "image_pull_policy": "IfNotPresent",
                            "lifecycle": [],
                            "liveness_probe": [],
                            "name": "example",
                            "port": [
                              {
                                "container_port": 80,
                                "host_ip": "",
                                "host_port": 0,
                                "name": "",
                                "protocol": "TCP"
                              }
                            ],
                            "readiness_probe": [],
                            "resources": [
                              {
                                "limits": {
                                  "cpu": "500m",
                                  "memory": "512Mi"
                                },
                                "requests": {
                                  "cpu": "250m",
                                  "memory": "50Mi"
                                }
                              }
                            ],
                            "security_context": [],
                            "startup_probe": [],
                            "stdin": false,
                            "stdin_once": false,
                            "termination_message_path": "/dev/termination-log",
                            "termination_message_policy": "File",
                            "tty": false,
                            "volume_mount": [],
                            "working_dir": ""
                          }
                        ],
                        "dns_config": [],
                        "dns_policy": "ClusterFirst",
                        "enable_service_links": true,
                        "host_aliases": [],
                        "host_ipc": false,
                        "host_network": false,
                        "host_pid": false,
                        "hostname": "",
                        "image_pull_secrets": [],
                        "init_container": [],
                        "node_name": "",
                        "node_selector": null,
                        "priority_class_name": "",
                        "readiness_gate": [],
                        "restart_policy": "Always",
                        "runtime_class_name": "",
                        "scheduler_name": "default-scheduler",
                        "security_context": [],
                        "service_account_name": "",
                        "share_process_namespace": false,
                        "subdomain": "",
                        "termination_grace_period_seconds": 30,
                        "toleration": [],
                        "topology_spread_constraint": [],
                        "volume": []
                      }
                    ]
                  }
                ]
              }
            ],
            "timeouts": null,
            "wait_for_rollout": true
          },
          "sensitive_attributes": [],
          "private": "eyJlMmJmYjczMC1lY2FhLTExZTYtOGY4OC0zNDM2M2JjN2M0YzAiOnsiY3JlYXRlIjo2MDAwMDAwMDAwMDAsImRlbGV0ZSI6NjAwMDAwMDAwMDAwLCJ1cGRhdGUiOjYwMDAwMDAwMDAwMH0sInNjaGVtYV92ZXJzaW9uIjoiMSJ9",
          "dependencies": [
            "data.aws_eks_cluster.cluster",
            "data.terraform_remote_state.eks"
          ]
        }
      ]
    }
  ],
  "check_results": null
}
